
Microsoft Visual Studio Solution File, Format Version 12.00
# Visual Studio Version 17
VisualStudioVersion = 17.13.35818.85 d17.13
MinimumVisualStudioVersion = 10.0.40219.1
Project("{2150E333-8FDC-42A3-9474-1A3956D46DE8}") = "src", "src", "{02EA681E-C7D8-13C7-8484-4AC65E1B71E8}"
EndProject
Project("{FAE04EC0-301F-11D3-BF4B-00C04F79EFBC}") = "ReadleApp.Client", "ReadleApp.Client\ReadleApp.Client.csproj", "{2E44B16E-9B53-4921-8C2C-134B9B077D0B}"
EndProject
Global
	GlobalSection(SolutionConfigurationPlatforms) = preSolution
		Debug|Any CPU = Debug|Any CPU
		Release|Any CPU = Release|Any CPU
	EndGlobalSection
	GlobalSection(ProjectConfigurationPlatforms) = postSolution
		{2E44B16E-9B53-4921-8C2C-134B9B077D0B}.Debug|Any CPU.ActiveCfg = Debug|Any CPU
		{2E44B16E-9B53-4921-8C2C-134B9B077D0B}.Debug|Any CPU.Build.0 = Debug|Any CPU
		{2E44B16E-9B53-4921-8C2C-134B9B077D0B}.Release|Any CPU.ActiveCfg = Release|Any CPU
		{2E44B16E-9B53-4921-8C2C-134B9B077D0B}.Release|Any CPU.Build.0 = Release|Any CPU
	EndGlobalSection
	GlobalSection(SolutionProperties) = preSolution
		HideSolutionNode = FALSE
	EndGlobalSection
	GlobalSection(NestedProjects) = preSolution
		{2E44B16E-9B53-4921-8C2C-134B9B077D0B} = {02EA681E-C7D8-13C7-8484-4AC65E1B71E8}
	EndGlobalSection
	GlobalSection(ExtensibilityGlobals) = postSolution
		SolutionGuid = {FA515C4F-D0DD-4455-B2CF-4AB3F55590D8}
	EndGlobalSection
EndGlobal
